// !$*UTF8*$!
{
	archiveVersion = 1;
	classes = {
	};
	objectVersion = 56;
	objects = {

/* Begin PBXBuildFile section */
		F0679AF32B39885400813B01 /* BookingTableViewController.swift in Sources */ = {isa = PBXBuildFile; fileRef = F0679AF22B39885400813B01 /* BookingTableViewController.swift */; };
		F07813322B280DF8003F8F9E /* AppDelegate.swift in Sources */ = {isa = PBXBuildFile; fileRef = F07813312B280DF8003F8F9E /* AppDelegate.swift */; };
		F07813342B280DF8003F8F9E /* SceneDelegate.swift in Sources */ = {isa = PBXBuildFile; fileRef = F07813332B280DF8003F8F9E /* SceneDelegate.swift */; };
		F07813362B280DF8003F8F9E /* ViewController.swift in Sources */ = {isa = PBXBuildFile; fileRef = F07813352B280DF8003F8F9E /* ViewController.swift */; };
		F07813392B280DF9003F8F9E /* Main.storyboard in Resources */ = {isa = PBXBuildFile; fileRef = F07813372B280DF9003F8F9E /* Main.storyboard */; };
		F078133B2B280E03003F8F9E /* Assets.xcassets in Resources */ = {isa = PBXBuildFile; fileRef = F078133A2B280E03003F8F9E /* Assets.xcassets */; };
		F078133E2B280E03003F8F9E /* LaunchScreen.storyboard in Resources */ = {isa = PBXBuildFile; fileRef = F078133C2B280E03003F8F9E /* LaunchScreen.storyboard */; };
		F07813492B280E03003F8F9E /* BookingTests.swift in Sources */ = {isa = PBXBuildFile; fileRef = F07813482B280E03003F8F9E /* BookingTests.swift */; };
		F07813532B280E03003F8F9E /* BookingUITests.swift in Sources */ = {isa = PBXBuildFile; fileRef = F07813522B280E03003F8F9E /* BookingUITests.swift */; };
		F07813552B280E03003F8F9E /* BookingUITestsLaunchTests.swift in Sources */ = {isa = PBXBuildFile; fileRef = F07813542B280E03003F8F9E /* BookingUITestsLaunchTests.swift */; };
		F07813622B281256003F8F9E /* BookingHistory.swift in Sources */ = {isa = PBXBuildFile; fileRef = F07813612B281256003F8F9E /* BookingHistory.swift */; };
		F07813642B281297003F8F9E /* BookingHistoryViewController.swift in Sources */ = {isa = PBXBuildFile; fileRef = F07813632B281297003F8F9E /* BookingHistoryViewController.swift */; };
		F07813662B2812D2003F8F9E /* BookingHistoryTableViewCell.swift in Sources */ = {isa = PBXBuildFile; fileRef = F07813652B2812D2003F8F9E /* BookingHistoryTableViewCell.swift */; };
		F0BD7EC62B3D91E100992A7A /* Package.swift in Sources */ = {isa = PBXBuildFile; fileRef = F0BD7EC52B3D91E100992A7A /* Package.swift */; };
		F0BD7EC82B3D91EE00992A7A /* Test.swift in Sources */ = {isa = PBXBuildFile; fileRef = F0BD7EC72B3D91EE00992A7A /* Test.swift */; };
/* End PBXBuildFile section */

/* Begin PBXContainerItemProxy section */
		F07813452B280E03003F8F9E /* PBXContainerItemProxy */ = {
			isa = PBXContainerItemProxy;
			containerPortal = F07813262B280DF8003F8F9E /* Project object */;
			proxyType = 1;
			remoteGlobalIDString = F078132D2B280DF8003F8F9E;
			remoteInfo = Booking;
		};
		F078134F2B280E03003F8F9E /* PBXContainerItemProxy */ = {
			isa = PBXContainerItemProxy;
			containerPortal = F07813262B280DF8003F8F9E /* Project object */;
			proxyType = 1;
			remoteGlobalIDString = F078132D2B280DF8003F8F9E;
			remoteInfo = Booking;
		};
/* End PBXContainerItemProxy section */

/* Begin PBXFileReference section */
		F0679AF22B39885400813B01 /* BookingTableViewController.swift */ = {isa = PBXFileReference; lastKnownFileType = sourcecode.swift; path = BookingTableViewController.swift; sourceTree = "<group>"; };
		F078132E2B280DF8003F8F9E /* Booking.app */ = {isa = PBXFileReference; explicitFileType = wrapper.application; includeInIndex = 0; path = Booking.app; sourceTree = BUILT_PRODUCTS_DIR; };
		F07813312B280DF8003F8F9E /* AppDelegate.swift */ = {isa = PBXFileReference; lastKnownFileType = sourcecode.swift; path = AppDelegate.swift; sourceTree = "<group>"; };
		F07813332B280DF8003F8F9E /* SceneDelegate.swift */ = {isa = PBXFileReference; lastKnownFileType = sourcecode.swift; path = SceneDelegate.swift; sourceTree = "<group>"; };
		F07813352B280DF8003F8F9E /* ViewController.swift */ = {isa = PBXFileReference; lastKnownFileType = sourcecode.swift; path = ViewController.swift; sourceTree = "<group>"; };
		F07813382B280DF9003F8F9E /* Base */ = {isa = PBXFileReference; lastKnownFileType = file.storyboard; name = Base; path = Base.lproj/Main.storyboard; sourceTree = "<group>"; };
		F078133A2B280E03003F8F9E /* Assets.xcassets */ = {isa = PBXFileReference; lastKnownFileType = folder.assetcatalog; path = Assets.xcassets; sourceTree = "<group>"; };
		F078133D2B280E03003F8F9E /* Base */ = {isa = PBXFileReference; lastKnownFileType = file.storyboard; name = Base; path = Base.lproj/LaunchScreen.storyboard; sourceTree = "<group>"; };
		F078133F2B280E03003F8F9E /* Info.plist */ = {isa = PBXFileReference; lastKnownFileType = text.plist.xml; path = Info.plist; sourceTree = "<group>"; };
		F07813442B280E03003F8F9E /* BookingTests.xctest */ = {isa = PBXFileReference; explicitFileType = wrapper.cfbundle; includeInIndex = 0; path = BookingTests.xctest; sourceTree = BUILT_PRODUCTS_DIR; };
		F07813482B280E03003F8F9E /* BookingTests.swift */ = {isa = PBXFileReference; lastKnownFileType = sourcecode.swift; path = BookingTests.swift; sourceTree = "<group>"; };
		F078134E2B280E03003F8F9E /* BookingUITests.xctest */ = {isa = PBXFileReference; explicitFileType = wrapper.cfbundle; includeInIndex = 0; path = BookingUITests.xctest; sourceTree = BUILT_PRODUCTS_DIR; };
		F07813522B280E03003F8F9E /* BookingUITests.swift */ = {isa = PBXFileReference; lastKnownFileType = sourcecode.swift; path = BookingUITests.swift; sourceTree = "<group>"; };
		F07813542B280E03003F8F9E /* BookingUITestsLaunchTests.swift */ = {isa = PBXFileReference; lastKnownFileType = sourcecode.swift; path = BookingUITestsLaunchTests.swift; sourceTree = "<group>"; };
		F07813612B281256003F8F9E /* BookingHistory.swift */ = {isa = PBXFileReference; lastKnownFileType = sourcecode.swift; path = BookingHistory.swift; sourceTree = "<group>"; };
		F07813632B281297003F8F9E /* BookingHistoryViewController.swift */ = {isa = PBXFileReference; lastKnownFileType = sourcecode.swift; path = BookingHistoryViewController.swift; sourceTree = "<group>"; };
		F07813652B2812D2003F8F9E /* BookingHistoryTableViewCell.swift */ = {isa = PBXFileReference; lastKnownFileType = sourcecode.swift; path = BookingHistoryTableViewCell.swift; sourceTree = "<group>"; };
		F0BD7EC52B3D91E100992A7A /* Package.swift */ = {isa = PBXFileReference; lastKnownFileType = sourcecode.swift; path = Package.swift; sourceTree = "<group>"; };
		F0BD7EC72B3D91EE00992A7A /* Test.swift */ = {isa = PBXFileReference; lastKnownFileType = sourcecode.swift; path = Test.swift; sourceTree = "<group>"; };
/* End PBXFileReference section */

/* Begin PBXFrameworksBuildPhase section */
		F078132B2B280DF8003F8F9E /* Frameworks */ = {
			isa = PBXFrameworksBuildPhase;
			buildActionMask = 2147483647;
			files = (
			);
			runOnlyForDeploymentPostprocessing = 0;
		};
		F07813412B280E03003F8F9E /* Frameworks */ = {
			isa = PBXFrameworksBuildPhase;
			buildActionMask = 2147483647;
			files = (
			);
			runOnlyForDeploymentPostprocessing = 0;
		};
		F078134B2B280E03003F8F9E /* Frameworks */ = {
			isa = PBXFrameworksBuildPhase;
			buildActionMask = 2147483647;
			files = (
			);
			runOnlyForDeploymentPostprocessing = 0;
		};
/* End PBXFrameworksBuildPhase section */

/* Begin PBXGroup section */
		F07813252B280DF8003F8F9E = {
			isa = PBXGroup;
			children = (
				F07813302B280DF8003F8F9E /* Booking */,
				F07813472B280E03003F8F9E /* BookingTests */,
				F07813512B280E03003F8F9E /* BookingUITests */,
				F078132F2B280DF8003F8F9E /* Products */,
			);
			sourceTree = "<group>";
		};
		F078132F2B280DF8003F8F9E /* Products */ = {
			isa = PBXGroup;
			children = (
				F078132E2B280DF8003F8F9E /* Booking.app */,
				F07813442B280E03003F8F9E /* BookingTests.xctest */,
				F078134E2B280E03003F8F9E /* BookingUITests.xctest */,
			);
			name = Products;
			sourceTree = "<group>";
		};
		F07813302B280DF8003F8F9E /* Booking */ = {
			isa = PBXGroup;
			children = (
				F07813312B280DF8003F8F9E /* AppDelegate.swift */,
				F07813332B280DF8003F8F9E /* SceneDelegate.swift */,
				F07813352B280DF8003F8F9E /* ViewController.swift */,
				F07813372B280DF9003F8F9E /* Main.storyboard */,
				F07813632B281297003F8F9E /* BookingHistoryViewController.swift */,
				F0BD7EC52B3D91E100992A7A /* Package.swift */,
				F0BD7EC72B3D91EE00992A7A /* Test.swift */,
				F07813652B2812D2003F8F9E /* BookingHistoryTableViewCell.swift */,
				F078133A2B280E03003F8F9E /* Assets.xcassets */,
				F078133C2B280E03003F8F9E /* LaunchScreen.storyboard */,
				F078133F2B280E03003F8F9E /* Info.plist */,
				F07813612B281256003F8F9E /* BookingHistory.swift */,
				F0679AF22B39885400813B01 /* BookingTableViewController.swift */,
			);
			path = Booking;
			sourceTree = "<group>";
		};
		F07813472B280E03003F8F9E /* BookingTests */ = {
			isa = PBXGroup;
			children = (
				F07813482B280E03003F8F9E /* BookingTests.swift */,
			);
			path = BookingTests;
			sourceTree = "<group>";
		};
		F07813512B280E03003F8F9E /* BookingUITests */ = {
			isa = PBXGroup;
			children = (
				F07813522B280E03003F8F9E /* BookingUITests.swift */,
				F07813542B280E03003F8F9E /* BookingUITestsLaunchTests.swift */,
			);
			path = BookingUITests;
			sourceTree = "<group>";
		};
/* End PBXGroup section */

/* Begin PBXNativeTarget section */
		F078132D2B280DF8003F8F9E /* Booking */ = {
			isa = PBXNativeTarget;
			buildConfigurationList = F07813582B280E03003F8F9E /* Build configuration list for PBXNativeTarget "Booking" */;
			buildPhases = (
				F078132A2B280DF8003F8F9E /* Sources */,
				F078132B2B280DF8003F8F9E /* Frameworks */,
				F078132C2B280DF8003F8F9E /* Resources */,
			);
			buildRules = (
			);
			dependencies = (
			);
			name = Booking;
			productName = Booking;
			productReference = F078132E2B280DF8003F8F9E /* Booking.app */;
			productType = "com.apple.product-type.application";
		};
		F07813432B280E03003F8F9E /* BookingTests */ = {
			isa = PBXNativeTarget;
			buildConfigurationList = F078135B2B280E03003F8F9E /* Build configuration list for PBXNativeTarget "BookingTests" */;
			buildPhases = (
				F07813402B280E03003F8F9E /* Sources */,
				F07813412B280E03003F8F9E /* Frameworks */,
				F07813422B280E03003F8F9E /* Resources */,
			);
			buildRules = (
			);
			dependencies = (
				F07813462B280E03003F8F9E /* PBXTargetDependency */,
			);
			name = BookingTests;
			productName = BookingTests;
			productReference = F07813442B280E03003F8F9E /* BookingTests.xctest */;
			productType = "com.apple.product-type.bundle.unit-test";
		};
		F078134D2B280E03003F8F9E /* BookingUITests */ = {
			isa = PBXNativeTarget;
			buildConfigurationList = F078135E2B280E03003F8F9E /* Build configuration list for PBXNativeTarget "BookingUITests" */;
			buildPhases = (
				F078134A2B280E03003F8F9E /* Sources */,
				F078134B2B280E03003F8F9E /* Frameworks */,
				F078134C2B280E03003F8F9E /* Resources */,
			);
			buildRules = (
			);
			dependencies = (
				F07813502B280E03003F8F9E /* PBXTargetDependency */,
			);
			name = BookingUITests;
			productName = BookingUITests;
			productReference = F078134E2B280E03003F8F9E /* BookingUITests.xctest */;
			productType = "com.apple.product-type.bundle.ui-testing";
		};
/* End PBXNativeTarget section */

/* Begin PBXProject section */
		F07813262B280DF8003F8F9E /* Project object */ = {
			isa = PBXProject;
			attributes = {
				BuildIndependentTargetsInParallel = 1;
				LastSwiftUpdateCheck = 1420;
				LastUpgradeCheck = 1420;
				TargetAttributes = {
					F078132D2B280DF8003F8F9E = {
						CreatedOnToolsVersion = 14.2;
					};
					F07813432B280E03003F8F9E = {
						CreatedOnToolsVersion = 14.2;
						TestTargetID = F078132D2B280DF8003F8F9E;
					};
					F078134D2B280E03003F8F9E = {
						CreatedOnToolsVersion = 14.2;
						TestTargetID = F078132D2B280DF8003F8F9E;
					};
				};
			};
			buildConfigurationList = F07813292B280DF8003F8F9E /* Build configuration list for PBXProject "Booking" */;
			compatibilityVersion = "Xcode 14.0";
			developmentRegion = en;
			hasScannedForEncodings = 0;
			knownRegions = (
				en,
				Base,
			);
			mainGroup = F07813252B280DF8003F8F9E;
			productRefGroup = F078132F2B280DF8003F8F9E /* Products */;
			projectDirPath = "";
			projectRoot = "";
			targets = (
				F078132D2B280DF8003F8F9E /* Booking */,
				F07813432B280E03003F8F9E /* BookingTests */,
				F078134D2B280E03003F8F9E /* BookingUITests */,
			);
		};
/* End PBXProject section */

/* Begin PBXResourcesBuildPhase section */
		F078132C2B280DF8003F8F9E /* Resources */ = {
			isa = PBXResourcesBuildPhase;
			buildActionMask = 2147483647;
			files = (
				F078133E2B280E03003F8F9E /* LaunchScreen.storyboard in Resources */,
				F078133B2B280E03003F8F9E /* Assets.xcassets in Resources */,
				F07813392B280DF9003F8F9E /* Main.storyboard in Resources */,
			);
			runOnlyForDeploymentPostprocessing = 0;
		};
		F07813422B280E03003F8F9E /* Resources */ = {
			isa = PBXResourcesBuildPhase;
			buildActionMask = 2147483647;
			files = (
			);
			runOnlyForDeploymentPostprocessing = 0;
		};
		F078134C2B280E03003F8F9E /* Resources */ = {
			isa = PBXResourcesBuildPhase;
			buildActionMask = 2147483647;
			files = (
			);
			runOnlyForDeploymentPostprocessing = 0;
		};
/* End PBXResourcesBuildPhase section */

/* Begin PBXSourcesBuildPhase section */
		F078132A2B280DF8003F8F9E /* Sources */ = {
			isa = PBXSourcesBuildPhase;
			buildActionMask = 2147483647;
			files = (
				F0679AF32B39885400813B01 /* BookingTableViewController.swift in Sources */,
				F07813662B2812D2003F8F9E /* BookingHistoryTableViewCell.swift in Sources */,
				F0BD7EC82B3D91EE00992A7A /* Test.swift in Sources */,
				F07813362B280DF8003F8F9E /* ViewController.swift in Sources */,
				F07813322B280DF8003F8F9E /* AppDelegate.swift in Sources */,
				F0BD7EC62B3D91E100992A7A /* Package.swift in Sources */,
				F07813642B281297003F8F9E /* BookingHistoryViewController.swift in Sources */,
				F07813622B281256003F8F9E /* BookingHistory.swift in Sources */,
				F07813342B280DF8003F8F9E /* SceneDelegate.swift in Sources */,
			);
			runOnlyForDeploymentPostprocessing = 0;
		};
		F07813402B280E03003F8F9E /* Sources */ = {
			isa = PBXSourcesBuildPhase;
			buildActionMask = 2147483647;
			files = (
				F07813492B280E03003F8F9E /* BookingTests.swift in Sources */,
			);
			runOnlyForDeploymentPostprocessing = 0;
		};
		F078134A2B280E03003F8F9E /* Sources */ = {
			isa = PBXSourcesBuildPhase;
			buildActionMask = 2147483647;
			files = (
				F07813552B280E03003F8F9E /* BookingUITestsLaunchTests.swift in Sources */,
				F07813532B280E03003F8F9E /* BookingUITests.swift in Sources */,
			);
			runOnlyForDeploymentPostprocessing = 0;
		};
/* End PBXSourcesBuildPhase section */

/* Begin PBXTargetDependency section */
		F07813462B280E03003F8F9E /* PBXTargetDependency */ = {
			isa = PBXTargetDependency;
			target = F078132D2B280DF8003F8F9E /* Booking */;
			targetProxy = F07813452B280E03003F8F9E /* PBXContainerItemProxy */;
		};
		F07813502B280E03003F8F9E /* PBXTargetDependency */ = {
			isa = PBXTargetDependency;
			target = F078132D2B280DF8003F8F9E /* Booking */;
			targetProxy = F078134F2B280E03003F8F9E /* PBXContainerItemProxy */;
		};
/* End PBXTargetDependency section */

/* Begin PBXVariantGroup section */
		F07813372B280DF9003F8F9E /* Main.storyboard */ = {
			isa = PBXVariantGroup;
			children = (
				F07813382B280DF9003F8F9E /* Base */,
			);
			name = Main.storyboard;
			sourceTree = "<group>";
		};
		F078133C2B280E03003F8F9E /* LaunchScreen.storyboard */ = {
			isa = PBXVariantGroup;
			children = (
				F078133D2B280E03003F8F9E /* Base */,
			);
			name = LaunchScreen.storyboard;
			sourceTree = "<group>";
		};
/* End PBXVariantGroup section */

/* Begin XCBuildConfiguration section */
		F07813562B280E03003F8F9E /* Debug */ = {
			isa = XCBuildConfiguration;
			buildSettings = {
				ALWAYS_SEARCH_USER_PATHS = NO;
				CLANG_ANALYZER_NONNULL = YES;
				CLANG_ANALYZER_NUMBER_OBJECT_CONVERSION = YES_AGGRESSIVE;
				CLANG_CXX_LANGUAGE_STANDARD = "gnu++20";
				CLANG_ENABLE_MODULES = YES;
				CLANG_ENABLE_OBJC_ARC = YES;
				CLANG_ENABLE_OBJC_WEAK = YES;
				CLANG_WARN_BLOCK_CAPTURE_AUTORELEASING = YES;
				CLANG_WARN_BOOL_CONVERSION = YES;
				CLANG_WARN_COMMA = YES;
				CLANG_WARN_CONSTANT_CONVERSION = YES;
				CLANG_WARN_DEPRECATED_OBJC_IMPLEMENTATIONS = YES;
				CLANG_WARN_DIRECT_OBJC_ISA_USAGE = YES_ERROR;
				CLANG_WARN_DOCUMENTATION_COMMENTS = YES;
				CLANG_WARN_EMPTY_BODY = YES;
				CLANG_WARN_ENUM_CONVERSION = YES;
				CLANG_WARN_INFINITE_RECURSION = YES;
				CLANG_WARN_INT_CONVERSION = YES;
				CLANG_WARN_NON_LITERAL_NULL_CONVERSION = YES;
				CLANG_WARN_OBJC_IMPLICIT_RETAIN_SELF = YES;
				CLANG_WARN_OBJC_LITERAL_CONVERSION = YES;
				CLANG_WARN_OBJC_ROOT_CLASS = YES_ERROR;
				CLANG_WARN_QUOTED_INCLUDE_IN_FRAMEWORK_HEADER = YES;
				CLANG_WARN_RANGE_LOOP_ANALYSIS = YES;
				CLANG_WARN_STRICT_PROTOTYPES = YES;
				CLANG_WARN_SUSPICIOUS_MOVE = YES;
				CLANG_WARN_UNGUARDED_AVAILABILITY = YES_AGGRESSIVE;
				CLANG_WARN_UNREACHABLE_CODE = YES;
				CLANG_WARN__DUPLICATE_METHOD_MATCH = YES;
				COPY_PHASE_STRIP = NO;
				DEBUG_INFORMATION_FORMAT = dwarf;
				ENABLE_STRICT_OBJC_MSGSEND = YES;
				ENABLE_TESTABILITY = YES;
				GCC_C_LANGUAGE_STANDARD = gnu11;
				GCC_DYNAMIC_NO_PIC = NO;
				GCC_NO_COMMON_BLOCKS = YES;
				GCC_OPTIMIZATION_LEVEL = 0;
				GCC_PREPROCESSOR_DEFINITIONS = (
					"DEBUG=1",
					"$(inherited)",
				);
				GCC_WARN_64_TO_32_BIT_CONVERSION = YES;
				GCC_WARN_ABOUT_RETURN_TYPE = YES_ERROR;
				GCC_WARN_UNDECLARED_SELECTOR = YES;
				GCC_WARN_UNINITIALIZED_AUTOS = YES_AGGRESSIVE;
				GCC_WARN_UNUSED_FUNCTION = YES;
				GCC_WARN_UNUSED_VARIABLE = YES;
				IPHONEOS_DEPLOYMENT_TARGET = 16.2;
				MTL_ENABLE_DEBUG_INFO = INCLUDE_SOURCE;
				MTL_FAST_MATH = YES;
				ONLY_ACTIVE_ARCH = YES;
				SDKROOT = iphoneos;
				SWIFT_ACTIVE_COMPILATION_CONDITIONS = DEBUG;
				SWIFT_OPTIMIZATION_LEVEL = "-Onone";
			};
			name = Debug;
		};
		F07813572B280E03003F8F9E /* Release */ = {
			isa = XCBuildConfiguration;
			buildSettings = {
				ALWAYS_SEARCH_USER_PATHS = NO;
				CLANG_ANALYZER_NONNULL = YES;
				CLANG_ANALYZER_NUMBER_OBJECT_CONVERSION = YES_AGGRESSIVE;
				CLANG_CXX_LANGUAGE_STANDARD = "gnu++20";
				CLANG_ENABLE_MODULES = YES;
				CLANG_ENABLE_OBJC_ARC = YES;
				CLANG_ENABLE_OBJC_WEAK = YES;
				CLANG_WARN_BLOCK_CAPTURE_AUTORELEASING = YES;
				CLANG_WARN_BOOL_CONVERSION = YES;
				CLANG_WARN_COMMA = YES;
				CLANG_WARN_CONSTANT_CONVERSION = YES;
				CLANG_WARN_DEPRECATED_OBJC_IMPLEMENTATIONS = YES;
				CLANG_WARN_DIRECT_OBJC_ISA_USAGE = YES_ERROR;
				CLANG_WARN_DOCUMENTATION_COMMENTS = YES;
				CLANG_WARN_EMPTY_BODY = YES;
				CLANG_WARN_ENUM_CONVERSION = YES;
				CLANG_WARN_INFINITE_RECURSION = YES;
				CLANG_WARN_INT_CONVERSION = YES;
				CLANG_WARN_NON_LITERAL_NULL_CONVERSION = YES;
				CLANG_WARN_OBJC_IMPLICIT_RETAIN_SELF = YES;
				CLANG_WARN_OBJC_LITERAL_CONVERSION = YES;
				CLANG_WARN_OBJC_ROOT_CLASS = YES_ERROR;
				CLANG_WARN_QUOTED_INCLUDE_IN_FRAMEWORK_HEADER = YES;
				CLANG_WARN_RANGE_LOOP_ANALYSIS = YES;
				CLANG_WARN_STRICT_PROTOTYPES = YES;
				CLANG_WARN_SUSPICIOUS_MOVE = YES;
				CLANG_WARN_UNGUARDED_AVAILABILITY = YES_AGGRESSIVE;
				CLANG_WARN_UNREACHABLE_CODE = YES;
				CLANG_WARN__DUPLICATE_METHOD_MATCH = YES;
				COPY_PHASE_STRIP = NO;
				DEBUG_INFORMATION_FORMAT = "dwarf-with-dsym";
				ENABLE_NS_ASSERTIONS = NO;
				ENABLE_STRICT_OBJC_MSGSEND = YES;
				GCC_C_LANGUAGE_STANDARD = gnu11;
				GCC_NO_COMMON_BLOCKS = YES;
				GCC_WARN_64_TO_32_BIT_CONVERSION = YES;
				GCC_WARN_ABOUT_RETURN_TYPE = YES_ERROR;
				GCC_WARN_UNDECLARED_SELECTOR = YES;
				GCC_WARN_UNINITIALIZED_AUTOS = YES_AGGRESSIVE;
				GCC_WARN_UNUSED_FUNCTION = YES;
				GCC_WARN_UNUSED_VARIABLE = YES;
				IPHONEOS_DEPLOYMENT_TARGET = 16.2;
				MTL_ENABLE_DEBUG_INFO = NO;
				MTL_FAST_MATH = YES;
				SDKROOT = iphoneos;
				SWIFT_COMPILATION_MODE = wholemodule;
				SWIFT_OPTIMIZATION_LEVEL = "-O";
				VALIDATE_PRODUCT = YES;
			};
			name = Release;
		};
		F07813592B280E03003F8F9E /* Debug */ = {
			isa = XCBuildConfiguration;
			buildSettings = {
				ASSETCATALOG_COMPILER_APPICON_NAME = AppIcon;
				ASSETCATALOG_COMPILER_GLOBAL_ACCENT_COLOR_NAME = AccentColor;
				CODE_SIGN_STYLE = Automatic;
				CURRENT_PROJECT_VERSION = 1;
				GENERATE_INFOPLIST_FILE = YES;
				INFOPLIST_FILE = Booking/Info.plist;
				INFOPLIST_KEY_UIApplicationSupportsIndirectInputEvents = YES;
				INFOPLIST_KEY_UILaunchStoryboardName = LaunchScreen;
				INFOPLIST_KEY_UIMainStoryboardFile = Main;
				INFOPLIST_KEY_UISupportedInterfaceOrientations_iPad = "UIInterfaceOrientationPortrait UIInterfaceOrientationPortraitUpsideDown UIInterfaceOrientationLandscapeLeft UIInterfaceOrientationLandscapeRight";
				INFOPLIST_KEY_UISupportedInterfaceOrientations_iPhone = "UIInterfaceOrientationPortrait UIInterfaceOrientationLandscapeLeft UIInterfaceOrientationLandscapeRight";
				LD_RUNPATH_SEARCH_PATHS = (
					"$(inherited)",
					"@executable_path/Frameworks",
				);
				MARKETING_VERSION = 1.0;
				PRODUCT_BUNDLE_IDENTIFIER = bh.polytechnic.Booking;
				PRODUCT_NAME = "$(TARGET_NAME)";
				SWIFT_EMIT_LOC_STRINGS = YES;
				SWIFT_VERSION = 5.0;
				TARGETED_DEVICE_FAMILY = "1,2";
			};
			name = Debug;
		};
		F078135A2B280E03003F8F9E /* Release */ = {
			isa = XCBuildConfiguration;
			buildSettings = {
				ASSETCATALOG_COMPILER_APPICON_NAME = AppIcon;
				ASSETCATALOG_COMPILER_GLOBAL_ACCENT_COLOR_NAME = AccentColor;
				CODE_SIGN_STYLE = Automatic;
				CURRENT_PROJECT_VERSION = 1;
				GENERATE_INFOPLIST_FILE = YES;
				INFOPLIST_FILE = Booking/Info.plist;
				INFOPLIST_KEY_UIApplicationSupportsIndirectInputEvents = YES;
				INFOPLIST_KEY_UILaunchStoryboardName = LaunchScreen;
				INFOPLIST_KEY_UIMainStoryboardFile = Main;
				INFOPLIST_KEY_UISupportedInterfaceOrientations_iPad = "UIInterfaceOrientationPortrait UIInterfaceOrientationPortraitUpsideDown UIInterfaceOrientationLandscapeLeft UIInterfaceOrientationLandscapeRight";
				INFOPLIST_KEY_UISupportedInterfaceOrientations_iPhone = "UIInterfaceOrientationPortrait UIInterfaceOrientationLandscapeLeft UIInterfaceOrientationLandscapeRight";
				LD_RUNPATH_SEARCH_PATHS = (
					"$(inherited)",
					"@executable_path/Frameworks",
				);
				MARKETING_VERSION = 1.0;
				PRODUCT_BUNDLE_IDENTIFIER = bh.polytechnic.Booking;
				PRODUCT_NAME = "$(TARGET_NAME)";
				SWIFT_EMIT_LOC_STRINGS = YES;
				SWIFT_VERSION = 5.0;
				TARGETED_DEVICE_FAMILY = "1,2";
			};
			name = Release;
		};
		F078135C2B280E03003F8F9E /* Debug */ = {
			isa = XCBuildConfiguration;
			buildSettings = {
				ALWAYS_EMBED_SWIFT_STANDARD_LIBRARIES = YES;
				BUNDLE_LOADER = "$(TEST_HOST)";
				CODE_SIGN_STYLE = Automatic;
				CURRENT_PROJECT_VERSION = 1;
				GENERATE_INFOPLIST_FILE = YES;
				IPHONEOS_DEPLOYMENT_TARGET = 16.2;
				MARKETING_VERSION = 1.0;
				PRODUCT_BUNDLE_IDENTIFIER = bh.polytechnic.BookingTests;
				PRODUCT_NAME = "$(TARGET_NAME)";
				SWIFT_EMIT_LOC_STRINGS = NO;
				SWIFT_VERSION = 5.0;
				TARGETED_DEVICE_FAMILY = "1,2";
				TEST_HOST = "$(BUILT_PRODUCTS_DIR)/Booking.app/$(BUNDLE_EXECUTABLE_FOLDER_PATH)/Booking";
			};
			name = Debug;
		};
		F078135D2B280E03003F8F9E /* Release */ = {
			isa = XCBuildConfiguration;
			buildSettings = {
				ALWAYS_EMBED_SWIFT_STANDARD_LIBRARIES = YES;
				BUNDLE_LOADER = "$(TEST_HOST)";
				CODE_SIGN_STYLE = Automatic;
				CURRENT_PROJECT_VERSION = 1;
				GENERATE_INFOPLIST_FILE = YES;
				IPHONEOS_DEPLOYMENT_TARGET = 16.2;
				MARKETING_VERSION = 1.0;
				PRODUCT_BUNDLE_IDENTIFIER = bh.polytechnic.BookingTests;
				PRODUCT_NAME = "$(TARGET_NAME)";
				SWIFT_EMIT_LOC_STRINGS = NO;
				SWIFT_VERSION = 5.0;
				TARGETED_DEVICE_FAMILY = "1,2";
				TEST_HOST = "$(BUILT_PRODUCTS_DIR)/Booking.app/$(BUNDLE_EXECUTABLE_FOLDER_PATH)/Booking";
			};
			name = Release;
		};
		F078135F2B280E03003F8F9E /* Debug */ = {
			isa = XCBuildConfiguration;
			buildSettings = {
				ALWAYS_EMBED_SWIFT_STANDARD_LIBRARIES = YES;
				CODE_SIGN_STYLE = Automatic;
				CURRENT_PROJECT_VERSION = 1;
				GENERATE_INFOPLIST_FILE = YES;
				MARKETING_VERSION = 1.0;
				PRODUCT_BUNDLE_IDENTIFIER = bh.polytechnic.BookingUITests;
				PRODUCT_NAME = "$(TARGET_NAME)";
				SWIFT_EMIT_LOC_STRINGS = NO;
				SWIFT_VERSION = 5.0;
				TARGETED_DEVICE_FAMILY = "1,2";
				TEST_TARGET_NAME = Booking;
			};
			name = Debug;
		};
		F07813602B280E03003F8F9E /* Release */ = {
			isa = XCBuildConfiguration;
			buildSettings = {
				ALWAYS_EMBED_SWIFT_STANDARD_LIBRARIES = YES;
				CODE_SIGN_STYLE = Automatic;
				CURRENT_PROJECT_VERSION = 1;
				GENERATE_INFOPLIST_FILE = YES;
				MARKETING_VERSION = 1.0;
				PRODUCT_BUNDLE_IDENTIFIER = bh.polytechnic.BookingUITests;
				PRODUCT_NAME = "$(TARGET_NAME)";
				SWIFT_EMIT_LOC_STRINGS = NO;
				SWIFT_VERSION = 5.0;
				TARGETED_DEVICE_FAMILY = "1,2";
				TEST_TARGET_NAME = Booking;
			};
			name = Release;
		};
/* End XCBuildConfiguration section */

/* Begin XCConfigurationList section */
		F07813292B280DF8003F8F9E /* Build configuration list for PBXProject "Booking" */ = {
			isa = XCConfigurationList;
			buildConfigurations = (
				F07813562B280E03003F8F9E /* Debug */,
				F07813572B280E03003F8F9E /* Release */,
			);
			defaultConfigurationIsVisible = 0;
			defaultConfigurationName = Release;
		};
		F07813582B280E03003F8F9E /* Build configuration list for PBXNativeTarget "Booking" */ = {
			isa = XCConfigurationList;
			buildConfigurations = (
				F07813592B280E03003F8F9E /* Debug */,
				F078135A2B280E03003F8F9E /* Release */,
			);
			defaultConfigurationIsVisible = 0;
			defaultConfigurationName = Release;
		};
		F078135B2B280E03003F8F9E /* Build configuration list for PBXNativeTarget "BookingTests" */ = {
			isa = XCConfigurationList;
			buildConfigurations = (
				F078135C2B280E03003F8F9E /* Debug */,
				F078135D2B280E03003F8F9E /* Release */,
			);
			defaultConfigurationIsVisible = 0;
			defaultConfigurationName = Release;
		};
		F078135E2B280E03003F8F9E /* Build configuration list for PBXNativeTarget "BookingUITests" */ = {
			isa = XCConfigurationList;
			buildConfigurations = (
				F078135F2B280E03003F8F9E /* Debug */,
				F07813602B280E03003F8F9E /* Release */,
			);
			defaultConfigurationIsVisible = 0;
			defaultConfigurationName = Release;
		};
/* End XCConfigurationList section */
	};
	rootObject = F07813262B280DF8003F8F9E /* Project object */;
}
